Microsoft Visual Studio Solution File, Format Version 12.00
# Visual Studio 15
Project("{8BC9CEB8-8B4A-11D0-8D11-00A0C91BC942}") = "ALL_BUILD", "ALL_BUILD.vcxproj", "{55FFBDF4-2BB0-341E-9878-C11606262B5B}"
	ProjectSection(ProjectDependencies) = postProject
		{5CB4871F-49CC-3730-8B67-97908CD84427} = {5CB4871F-49CC-3730-8B67-97908CD84427}
		{E04BB2B1-7312-3BE6-AE27-A929B85593AA} = {E04BB2B1-7312-3BE6-AE27-A929B85593AA}
	EndProjectSection
EndProject
Project("{8BC9CEB8-8B4A-11D0-8D11-00A0C91BC942}") = "Utilites", "Utilites.vcxproj", "{5CB4871F-49CC-3730-8B67-97908CD84427}"
	ProjectSection(ProjectDependencies) = postProject
		{E04BB2B1-7312-3BE6-AE27-A929B85593AA} = {E04BB2B1-7312-3BE6-AE27-A929B85593AA}
	EndProjectSection
EndProject
Project("{8BC9CEB8-8B4A-11D0-8D11-00A0C91BC942}") = "ZERO_CHECK", "ZERO_CHECK.vcxproj", "{E04BB2B1-7312-3BE6-AE27-A929B85593AA}"
	ProjectSection(ProjectDependencies) = postProject
	EndProjectSection
EndProject
Global
	GlobalSection(SolutionConfigurationPlatforms) = preSolution
		Debug|Win32 = Debug|Win32
		Release|Win32 = Release|Win32
		MinSizeRel|Win32 = MinSizeRel|Win32
		RelWithDebInfo|Win32 = RelWithDebInfo|Win32
	EndGlobalSection
	GlobalSection(ProjectConfigurationPlatforms) = postSolution
		{55FFBDF4-2BB0-341E-9878-C11606262B5B}.Debug|Win32.ActiveCfg = Debug|Win32
		{55FFBDF4-2BB0-341E-9878-C11606262B5B}.Release|Win32.ActiveCfg = Release|Win32
		{55FFBDF4-2BB0-341E-9878-C11606262B5B}.MinSizeRel|Win32.ActiveCfg = MinSizeRel|Win32
		{55FFBDF4-2BB0-341E-9878-C11606262B5B}.RelWithDebInfo|Win32.ActiveCfg = RelWithDebInfo|Win32
		{5CB4871F-49CC-3730-8B67-97908CD84427}.Debug|Win32.ActiveCfg = Debug|Win32
		{5CB4871F-49CC-3730-8B67-97908CD84427}.Debug|Win32.Build.0 = Debug|Win32
		{5CB4871F-49CC-3730-8B67-97908CD84427}.Release|Win32.ActiveCfg = Release|Win32
		{5CB4871F-49CC-3730-8B67-97908CD84427}.Release|Win32.Build.0 = Release|Win32
		{5CB4871F-49CC-3730-8B67-97908CD84427}.MinSizeRel|Win32.ActiveCfg = MinSizeRel|Win32
		{5CB4871F-49CC-3730-8B67-97908CD84427}.MinSizeRel|Win32.Build.0 = MinSizeRel|Win32
		{5CB4871F-49CC-3730-8B67-97908CD84427}.RelWithDebInfo|Win32.ActiveCfg = RelWithDebInfo|Win32
		{5CB4871F-49CC-3730-8B67-97908CD84427}.RelWithDebInfo|Win32.Build.0 = RelWithDebInfo|Win32
		{E04BB2B1-7312-3BE6-AE27-A929B85593AA}.Debug|Win32.ActiveCfg = Debug|Win32
		{E04BB2B1-7312-3BE6-AE27-A929B85593AA}.Debug|Win32.Build.0 = Debug|Win32
		{E04BB2B1-7312-3BE6-AE27-A929B85593AA}.Release|Win32.ActiveCfg = Release|Win32
		{E04BB2B1-7312-3BE6-AE27-A929B85593AA}.Release|Win32.Build.0 = Release|Win32
		{E04BB2B1-7312-3BE6-AE27-A929B85593AA}.MinSizeRel|Win32.ActiveCfg = MinSizeRel|Win32
		{E04BB2B1-7312-3BE6-AE27-A929B85593AA}.MinSizeRel|Win32.Build.0 = MinSizeRel|Win32
		{E04BB2B1-7312-3BE6-AE27-A929B85593AA}.RelWithDebInfo|Win32.ActiveCfg = RelWithDebInfo|Win32
		{E04BB2B1-7312-3BE6-AE27-A929B85593AA}.RelWithDebInfo|Win32.Build.0 = RelWithDebInfo|Win32
	EndGlobalSection
	GlobalSection(ExtensibilityGlobals) = postSolution
		SolutionGuid = {647BE149-4ACE-3F76-A6F2-53BF1C50AE0B}
	EndGlobalSection
	GlobalSection(ExtensibilityAddIns) = postSolution
	EndGlobalSection
EndGlobal
